schema_version: 1
runtime_version: 0.5.0
node_minimum: 24.0.0
codex_sdk_version: null
eval_suite_version: 0.5.0-deterministic
checkpoint_schema_version: 1
memory_schema_version: 1
retrieval_schema_version: 1
telemetry_schema_version: 4
integration_schema_version: 1
connector_registry_schema_version: 1
capability_schema_version: 1
consent_schema_version: 1
external_ref_schema_version: 1
components:
  .agents/skills/memory-curator/SKILL.md: sha256:eb3b93fb629e27e8a225b1e79b09e8c5c8725449ea8de4616d3d47cf33b4a6fa
  .agents/skills/memory-curator/agents/openai.yaml: sha256:5b062f7ec703ce4e43961af835a41e6ff4e6c2fb1d5a845fddbfe8523b976a72
  VERSION: sha256:a0ad50640139a524f86591157145bf1d4674ea9c065bfea21558f0f7b04430c8
  core/catalogs/drive.yaml: sha256:ceda4824a5b1c18098540b2536ef5d1b14c71510056b847bdeb51ac11d86351e
  core/catalogs/issue-tracker.yaml: sha256:965fc5b5c4128796cd48b0fdb58c5e957f05742cbc0a94fb87bd02258eb546ca
  core/catalogs/mail.yaml: sha256:77e0266b418a64474a36559be6b57cf610bbd0b1244c90384d1a4a142f860a30
  core/catalogs/scm.yaml: sha256:eec345b8713a9930fc9eaa939636a5b9a337ad5c0faad7704a7340ecfec99fc6
  core/policies/capabilities.yaml: sha256:6bebeaabdb7f00cda416f57b05eee06cc0365bf4865d937f7ad691a5a5b75e58
  core/policies/continuity.yaml: sha256:c5989bbfb1c23490fead2217ac6ef47679c2d4ca3c981cadc110b8cb2afc3313
  core/policies/egress.yaml: sha256:54c8f5baf32903103a54e2a051298f4883aeddb6689d982801bdaecc17f69c54
  core/policies/external-content.yaml: sha256:5db69ac03478159f1cf320b21d6df39dc58737e367edbe181bfe3d87d91e2f1d
  core/policies/integrations.yaml: sha256:8e13e6d3ababfaddc8f19097a9ca813a825e12484e0e13bfa5080a91efc9077c
  core/policies/memory.yaml: sha256:09c970115cd8fcfa678ea9d9b8529b5ed7c26c0a5418555404f79ae0f5e66f8c
  core/policies/redaction.yaml: sha256:761cf8f075907b7c9e5e7d8a09237324af6fe336b6c015d619df468f7de662fd
  core/policies/retention.yaml: sha256:4e9869effeee4912f3362c283a1c06f2ec0284e028832612e5a8e8f5c5e496b8
  core/policies/retrieval.yaml: sha256:c35d18b987d6169f31e53b952a3c6829731a310921608b5d548136c20078c138
  core/schemas/capability-request.schema.json: sha256:3a146cf3ef9a9d55373bc60c7efc310d862c0907fd85b11c83d4f9512e293caf
  core/schemas/capability.schema.json: sha256:87e904b136aa62191bd49d63fd0c3bd40810c547f03e0afeef967e83602ac81f
  core/schemas/checkpoint.schema.json: sha256:ce825697d3bf18027b6e53ee4ba88392ffac0892c5f06be31a4fe5f481c29651
  core/schemas/connector-binding.schema.json: sha256:88f6cc5eb7492ca80cf1f79087888809ee5d89098acd1a102dce7cfb326706af
  core/schemas/connector-registry.schema.json: sha256:90935fe04e700742cccf3758b54783b85dca3c8c2f5d7ae0420668a3388e3d1c
  core/schemas/consent-receipt.schema.json: sha256:53cd6487660ae1264caa00432707a914cbc87e80807379b3a687c930dae51d26
  core/schemas/context-bundle.schema.json: sha256:1fac9e59974d994d87ffc3e97679520f96e99435a402c3e435c08f0553202003
  core/schemas/external-ref.schema.json: sha256:b5d5c240a7e6974cffdef48863369e8820bf67b1cf03946538d4d9c98cd9d7a9
  core/schemas/integration-manifest.schema.json: sha256:23aca221a5aab16c4b4dfd1b2428a72e84094534183829fcd325069caef20089
  core/schemas/memory-candidate.schema.json: sha256:9d260d960b92bd9a886c0f6720dc62332afe9c1bd64bcd614e59675d8c45fc55
  core/schemas/memory-record.schema.json: sha256:470e5fc1426bf7786d2b5b44940becb2187520454a1c516dd3f724a90ce6b764
  core/schemas/normalized-result.schema.json: sha256:c813ca770f5e727fc2cf4eeed23afe6c87671f08039238bf9582fc16d60d34f8
  core/schemas/policy-decision.schema.json: sha256:c49c653ce6455b8c2d78600b64c2b18ef93d8fce3040522f7a7fed0af93a11b6
  core/schemas/retrieval-item.schema.json: sha256:4e5ae899c1ca57ca1e02671ee3f14e2dd3b1332313971187f790ba0c47077908
  core/schemas/retrieval-request.schema.json: sha256:956dd85b859404bbffd6511140b5625b89295a62a9c352784d14b2895572638e
  core/schemas/run-manifest-v2.schema.json: sha256:08cc538c11121b1ad0e6976df7006b428af4b405fda2bdb785943bf16ec4337a
  core/schemas/source-registry.schema.json: sha256:f0b0d8a1aa6dd4ec142a15ca4827816a6edaab3fdbc4e2332a58b64707414da0
  core/schemas/tool-catalog.schema.json: sha256:e212fcc99c727777156490aa51aee866ff949ed5b5ac759310b2070d986fe71a
  core/schemas/v4/diagnosis.schema.json: sha256:a54b009fab54235d1c7e951bb9a5ff066883d6f945b3bdcc30c4a10d498ca568
  core/schemas/v4/evaluation-plan.schema.json: sha256:fc5ac706da91667d8294ad53579e3ffba8e923586392b5f06ba7d3900f931beb
  core/schemas/v4/evaluation-result.schema.json: sha256:1401a674668a45d068780faaf45ade5b5009ff530091dbc90d5f76505b81d53b
  core/schemas/v4/evidence-bundle.schema.json: sha256:f7371fef1302d3ea34eee24936603dcd6fac54a827073865574640433b85070f
  core/schemas/v4/experiment-manifest.schema.json: sha256:f88b425dbfcfc322a944661826af990c7a199df9cdb008e0df49367532d61a8e
  core/schemas/v4/grader-contract.schema.json: sha256:e3234506a45239360f8e44d3ab9ecc208066ebf9b78d3772b4ca5d5576914d55
  core/schemas/v4/grader-result.schema.json: sha256:dfc1ed26b5ff2175cb34c50f5a97f725ac591a982f7307176b75699fe678053b
  core/schemas/v4/improvement-proposal.schema.json: sha256:6e3846b16a9c3eb27535bbf08cfe371469067f1bcc6d0f0e7a23fd1d96c9efff
  core/schemas/v4/pattern.schema.json: sha256:27b47f3bbf4def6de5faaf937bfeac4f380d521046ca8808c69e6bc747db0de2
  core/schemas/v4/run-manifest-v4.schema.json: sha256:9873e500685c518201a8cca483dab60de33aaf4ab5bd8e2143903150b18b2378
  core/schemas/v4/task-contract.schema.json: sha256:74950c00256413176a57ce76aaaff6b4ac80ac783a83f08ca0d7732e3755c33c
  core/schemas/v5/candidate-authorization.schema.json: sha256:aba54c522913ae5f872327c1c9b2c9423947cb54dc51e50998c2670e91ca46b1
  core/schemas/v5/candidate-decision.schema.json: sha256:478163f3768d75bc9e54911d938815c31119ccf992c2dc00ca82062f174aacc4
  core/schemas/v5/candidate-request.schema.json: sha256:41dd0afaa560b187382a2ff43c0282d780dcb83dd6aa6beb28de6040be0f47cb
  core/schemas/v5/candidate-snapshot.schema.json: sha256:db6678d4644bfdda165e9033a5d23fa7636e30d7e290d9dfe9f48f06a6aceacf
  core/schemas/v5/change-plan.schema.json: sha256:0d70af405fe59229568db1d3d2a87a01926a6698d243ce2190f7816b5e303eb8
  core/schemas/v5/change-set.schema.json: sha256:24bb841d451b38a53f4987e737a5e63eb4b05ab2f398120853ad643239b81885
  core/schemas/v5/cleanup-receipt.schema.json: sha256:410769d0b8a90c1eb1e2446d1d88fbd87dfa9cdd06252a85bcae80750169d8e1
  core/schemas/v5/code-review-report.schema.json: sha256:753811404e107a098b4289e6f02136cff120bad9752a7e78c6d4c6d334baae78
  core/schemas/v5/environment-manifest.schema.json: sha256:dd01a7add57885b62dbabd076fa689fd865d366c1db0585e75748444367d6d7b
  core/schemas/v5/impact-report.schema.json: sha256:518579ec99e478a1af7afcbc6eeb29d8e66049c9b993ae9b73c87766f541a7f9
  core/schemas/v5/regression-comparison.schema.json: sha256:33a62dae1884ec52d50537d2040b254a6425e354b1333e095f9fe446af365eba
  core/schemas/v5/run-manifest-v5.schema.json: sha256:2aeeae18b9b5bc0885590427f19717415c539f3c248a098b0fae67fb53f77388
  core/schemas/v5/workspace-lease.schema.json: sha256:c35cfbf7536abc7d8e44ffa58e5d78b692adedbe7ae82b10c76745bd2f73cb8d
  core/taxonomy/failures-v1.yaml: sha256:bae88ca3646d6ba2b7cf7a766279625992b4a8c573017726ce7a6e0cf845af41
  core/templates/managed-codex-memory.toml: sha256:40a3deb99d42d2434569ee27c94ed52831cf260a418ccd5e77e18226cc1c9105
  core/templates/sources.personal.example.yaml: sha256:a81de22e35d3a350d1a94507a9c9b59db140d677dda6b76e3ff3d9ae37513fba
  core/templates/sources.work.example.yaml: sha256:6a3bab1c8ab5d6a1f557d102c19e106a3ff7f1ab6d9a61c183d8d0546cb19b94
  evals/cases/initial.json: sha256:a5a1f2fe05cf94aa237c7ed7dfe1e26a3f083c40350e770fabe1fb5e85330b6b
  evals/cases/v0.2/catalog.json: sha256:9a6ff908830800d274c482ad8d4bb65bac5c78f972fcd08f80507d4b8441b6f3
  evals/cases/v0.3/catalog.json: sha256:b60d9440b56e666e448fe8898c2766e3b1b8340d139828d85a3050b90b477f89
  package-lock.json: sha256:96e2365546ce9405cede80e7e49753d9bbd73feeec33127e61e9ef909b22a643
  package.json: sha256:14124c834de4f6ef0ec815e2689ae727e14bf0246fb93bf0c35a5e637443f549
  policies/base.yaml: sha256:38a9b08991e1fea3ee842aca2afa145120c0b8e1de64e2729129c7b8a46a0028
  policies/implement.yaml: sha256:8e4964a1912372de22d4fb66073d1aba486bdfcaa38a746a74cd719191ff0ed4
  policies/teach.yaml: sha256:06a800e7cd3ccc8eeda3c6b1cf552b5fd9149b3cbd686cb7e368fb52542e01c3
  profiles/personal/connectors.example.yaml: sha256:f24893fa263366dbf1a43f935baea0b2f1938358194602b1b53616002ac43543
  profiles/personal/integration-policy.yaml: sha256:a4d78becdce2974be36db44ad48d7e021f4e48d8c9346525fe6f47be44bb9b81
  profiles/synthetic.json: sha256:3a0fe86b287c50c3c1f466625b730210bf6b96fe3a7cc989570d2a4f1d9bc40f
  profiles/templates/personal/profile.yaml: sha256:fe5210f60108a980c98b778c4c45f1aa210acc8a6820ceea20de9611b93fd981
  profiles/templates/personal/sources.yaml: sha256:a77ebbbef1cc1590b39e0bae33e706027b750b21ea1904c8eade33a1b74290e3
  profiles/templates/work/profile.yaml: sha256:75415905212b5da8ea6f4886d2d557c8a19d75b28d3d5f74b6c59e2f433f809a
  profiles/templates/work/sources.yaml: sha256:e37c4604c1b0e08db12048b805d586f30d4b348db2a90ca81d1892a3dd54495f
  profiles/work/colmeia/connectors.example.yaml: sha256:dcf9ace30de3c7da9b2f1129a6ac09573a6adb002e2379f9694475b29f353e21
  profiles/work/colmeia/integration-policy.yaml: sha256:5a950d173b5644f65571d575a3509f3a6e2a844dfcb75090d99b22e869a2fcba
  schemas/checkpoint.schema.json: sha256:00f061b0fb361c394b35078cdc25618997b3c64f0d6fe9f59f3a589893212b11
  schemas/evaluation.schema.json: sha256:386217b1eeabd4dbe10197ecce43699ae7bd571686fbd21b16130c6209564360
  schemas/feedback-proposal.schema.json: sha256:6605f751f4f3123916fcbb05881e3b8b23affc42f1b7ee1591b2e97649393a2f
  schemas/profile.schema.json: sha256:83bbacf98efd20a357472ef38f3f1c48a3d08f3a05bbd58e1839a93651fe0e63
  schemas/run-manifest.schema.json: sha256:c8a3d1b82375a33f99f7fefeba5d603fb639450b29e0f96388b3d4d71143f572
  schemas/source.schema.json: sha256:b3c1dd67b5d9a3722dea8ecc284532e9be5984a0286991422419fbc327b3bfae
  schemas/task-input.schema.json: sha256:841f135e484c69cb14d76a80fd2d1a12565e7bf9a03839b149243651f1611c5c
  schemas/task-state.schema.json: sha256:ed17611260f893b833f0ad3211e73c1bf649a4b2b6d7acee1026852b08dc3d51
  schemas/trace-event.schema.json: sha256:5ae24eefc742ced138486f1beafcbdf0c3fd78f087c26aba9f5e4d781b2c021d
  src/adapters/filesystem/checkpoint-store.ts: sha256:45d3649825426ec975c10288f1cb0d5c21213447f69192c024fa3cf8e88b05ea
  src/adapters/filesystem/run-manifest-v2-store.ts: sha256:717d1342be84d16e9d289a7481face93befa111bd7924e8269860106db2f98cf
  src/adapters/filesystem/source-registry.ts: sha256:a4c75af620ec8ccbd373f5d91731dcf1e9b7d5828dceebb013df55ce2cc4c0ce
  src/adapters/filesystem/v3/connector-registry.ts: sha256:94c92988365d435593f7fddf8dc1f3e5161ca906fbc06816b47c155cf8cf2209
  src/adapters/filesystem/v3/consent-store.ts: sha256:984d6f2f406e349fcc1dbea4b9cc5e114b3c80c04ac41f1086b4860c9e15c2c8
  src/adapters/filesystem/v3/draft-intent-store.ts: sha256:f2e6a234e95601f84a6cbbb4873a987086b2c6bf501d77ef366accf49cbdcddc
  src/adapters/filesystem/v3/external-ref-store.ts: sha256:fd775bd68c39c49c4e1412b976151ab82bd86221c3e88ef880c1dd2c74b436d6
  src/adapters/filesystem/v3/integration-manifest-store.ts: sha256:e8815d3b71a946319580502c9cde4facd36dfaaa2172f4957c2238a5b80d09a8
  src/adapters/filesystem/v3/policy-decision-store.ts: sha256:7f3f121468d675e1c4a42a16e2957409de9c8693b1a35351143367d6154bc81f
  src/adapters/filesystem/v4/store.ts: sha256:112be928cf0f71daa98dd44c4bd3c804cc35a60bbb7e40657bf6c1bc624fe6ee
  src/adapters/filesystem/warm-memory-store.ts: sha256:e58447302f8ec2be98747a5ff3a0e25290669d7d592993a85fe16ea88baaf757
  src/adapters/integrations/fake-provider.ts: sha256:9d73fa3af7355fe79f689d80ec8c3f0d3b1b319c891469f1175f28c43330d086
  src/adapters/mock.ts: sha256:29ec9bc308ff03a54c6b4e2dc017f3cabda307472e288eb8381ed6c14f15586c
  src/adapters/sqlite/warm-index.ts: sha256:6570b6329e6d8095e3cb39c72d5c6b154cc19466d201021c1e92cc0f4c76f68f
  src/application/candidates/service.ts: sha256:bb21e6e479f92baffcb18cf9c001fabfb2b076c1231491376b72f3cd0e594c5a
  src/application/context-building/retrieval.ts: sha256:fe1c5793a49e0e93276fcda9f0384b1b29afe960be848d9922b69d7f7209d118
  src/application/continuity/manager.ts: sha256:8cf07a1755565fad4116cf5484db7b9b9931bf29804900fb2e2f76014756527f
  src/application/evaluation/service.ts: sha256:d0725d173630e560293f58e53c7d1c23aebaa8558021c48c414ada42cea8192e
  src/application/integrations/credential-boundary.ts: sha256:d2ee5af03f19e85f902ad41857a987e54a966ed54b5466e51a642237984b88f2
  src/application/integrations/output-guard.ts: sha256:f08b6093be2538277c69d64fffbebe55738eab73544af9580a54675645ed8969
  src/application/integrations/planner.ts: sha256:b6875a0d83330ed947ce2a291bb95b3e4a1fb6a547841e0a0ada09d2f52f7c0c
  src/application/integrations/policy-gateway.ts: sha256:44edaa89f6c70818397aa2656d009559a4821ed217149148d3d6c27072b06a8a
  src/application/integrations/service.ts: sha256:416e18f94655b420fd0f654d74b466a9eefeeca7e9057dff23724f750da8a5d4
  src/application/workflow.ts: sha256:24baa4a3944d57ea65f46ff16fe1411483cd67e3cfc9b1073834e23d6ceddd7b
  src/cli/main.ts: sha256:f01e03be4e15bf3841d4325c33d1b5a6c4e73fc53705a38ccff00e8a357ce1aa
  src/cli/v2.ts: sha256:a5610007541b8444ccf60a30802844d85d72e193e169707387209a8cb2ffcdb9
  src/cli/v3.ts: sha256:ca8561f2971da2afe91232bf31de3ea7868357d989a7663caf486f44ec7e808e
  src/cli/v4.ts: sha256:02db1b1d51e3614d648f76b1be38fe6cbdac8fce5b8592c5f6fe54da60eb9a7e
  src/cli/v5.ts: sha256:2911d2f1c3e8d04b5ee48316b98dead3a118baf877a507c5075cae7c49e98670
  src/domain/contracts.ts: sha256:89ed77c02dcf7eed458f57168570cec43fd5d7bd495fb7435f47b0f413b66cf9
  src/domain/policy.ts: sha256:545b5570d6a776fbca5827fdea8b63f5fdd57e373457ec69a8957685fa6c716c
  src/domain/v2/checkpoint-store.ts: sha256:bb87a91755a23d4b6604e331e4d8416300d788b0038153763df6c2a44b31b95e
  src/domain/v2/continuity.ts: sha256:ecb8b46f97c213b59b911b0af3ac21431077f935bab9995288e5e2f9667fe50c
  src/domain/v2/contracts.ts: sha256:2501fd3059bb0f3d0cc27eb8bb863a73bdc60e22bdb42d325b38acf27b2d767a
  src/domain/v2/integrity.ts: sha256:0c0c66463e3cde26fa1011e701dda6e1b0750ed3486ae70f9415a588671b6285
  src/domain/v2/memory-store.ts: sha256:afee928cc04a9f95831cab1b2934c6110690f4ea78d8f57e1d911ee00ae7df4a
  src/domain/v2/source-registry.ts: sha256:63e1036ce282641bd1f83ab128e5b7081802203a04fd0649b86b70dcf413b2ad
  src/domain/v3/catalog.ts: sha256:cb6827b412c7e878fae8fbfbe9c32f0d9c273a183e842e4d6acf89d4429a46d1
  src/domain/v3/contracts.ts: sha256:bdbe6e2efaaa43310264cfeceebad435161e7e556220af82877f1ccf824b6d8e
  src/domain/v3/ports.ts: sha256:3b39168d7fbca6cd483b1db0dac43c61d7e5b9e9c93c264c3db79da3cba5d2bc
  src/domain/v4/contracts.ts: sha256:f6d741372026ef89e3f67e5eb1fce47831adc410902c3658dfd351a40faa40c6
  src/domain/v5/contracts.ts: sha256:7cebbcce1c99a782d3595fd47879d35517db9538a183092d9b3baf5820d49d45
  src/infrastructure/hashing.ts: sha256:b98aac0ca3825852c064106f4f52e8f68df677a0c8d53bd0398f19644ef28d60
  src/infrastructure/integrity.ts: sha256:560fcf3d06e15a3754d0383bdd90f4678ef3422f429ab72fc87d15ce9137d2b0
  src/infrastructure/privacy.ts: sha256:b367db3774b0750f4c002ec6faa43c2c2f9b7d34e3bff9fe7357757f287842d9
  src/infrastructure/run-store.ts: sha256:e8426ea85be15c7e27faa62f7df26851b846330c57cc4c49d02892a701e6a0d6
  src/infrastructure/v2/atomic.ts: sha256:e156a2c07c89142ad752937bc19f7e2f9563baccb6cf1f81ef501a604add83f7
  src/infrastructure/v2/events.ts: sha256:099712df0b10a49069eba2209e3741da2135e09bb53a59c421d1aa2e8276d0de
  src/infrastructure/v2/paths.ts: sha256:8bbf1a93c182dc23ae5b068c060a9fc164dc52eb6a1feac945a8aa7975367967
  src/infrastructure/v2/secrets.ts: sha256:0ea57893e1db08ad5387352daaebb4781f4a74f906ddab7dcc9fcc681198c3dd
  src/infrastructure/v2/validation.ts: sha256:a5861d310dffb550f7dba4d531067cff39322e3e015c58075cd1a4c7105466a8
  src/infrastructure/v3/events.ts: sha256:58d7b33c04fa82c5eb082a6556133bdca1bd8bfbbdf6b0524419dd9164ba3542
  src/infrastructure/v3/validation.ts: sha256:43cd50d18917c42d6bad3673825254b1d906044f865a3f32912282038c17c433
  src/infrastructure/v4/validation.ts: sha256:d00de0caf26b53f8803c8e8c8c20adf68ff32ac2689ce4b425096545820eea6f
  src/infrastructure/v5/validation.ts: sha256:0b54c37c191b4b55c832c5c2fdcf8ed6dfd4b454bbc9b1088e0cef62e9e3993f
  src/infrastructure/validation.ts: sha256:b372b2fa66f3cf20d90ccc79d66d4e908831b6a893b3752ad1cfa4b843b6a91a
